
Microsoft Visual Studio Solution File, Format Version 12.00
# Visual Studio Version 17
VisualStudioVersion = 17.5.33627.172
MinimumVisualStudioVersion = 10.0.40219.1
Project("{9A19103F-16F7-4668-BE54-9A1E7A4F7556}") = "Task#1", "Task#1\Task#1.csproj", "{D4A7F8F1-358C-48CC-B641-D45141A6B0CB}"
EndProject
Project("{9A19103F-16F7-4668-BE54-9A1E7A4F7556}") = "Task#2", "Task#2\Task#2.csproj", "{48A015F0-8C65-4C39-BEB8-F766DC4E139C}"
EndProject
Project("{9A19103F-16F7-4668-BE54-9A1E7A4F7556}") = "Task#3", "Task#3\Task#3.csproj", "{908E9D58-6A57-40AE-A42C-C4E8C1050147}"
EndProject
Project("{9A19103F-16F7-4668-BE54-9A1E7A4F7556}") = "Task#5", "Task#5\Task#5.csproj", "{BD5D0163-2E1C-4476-81A5-7E2163DBD45E}"
EndProject
Project("{9A19103F-16F7-4668-BE54-9A1E7A4F7556}") = "Task#61", "Task#61\Task#61.csproj", "{78460A90-95C3-46AD-82BF-6ECB346A5FD2}"
EndProject
Project("{9A19103F-16F7-4668-BE54-9A1E7A4F7556}") = "Task#7", "Task#7\Task#7.csproj", "{CA242730-88BF-4AC7-9B70-619BE3AAF8A7}"
EndProject
Project("{9A19103F-16F7-4668-BE54-9A1E7A4F7556}") = "TaskManagmant", "TaskManagmant\TaskManagmant.csproj", "{B5C150A8-353F-439F-8D7E-D546A8A3B5A1}"
EndProject
Project("{9A19103F-16F7-4668-BE54-9A1E7A4F7556}") = "InventarService", "InventarService\InventarService.csproj", "{74FB0EFC-91C2-4295-8E8B-77E6A189D7D1}"
EndProject
Project("{9A19103F-16F7-4668-BE54-9A1E7A4F7556}") = "Task_NET_09", "Task_NET_09\Task_NET_09.csproj", "{2B3EAE16-26D8-43D7-A20C-BAD7545DB31A}"
EndProject
Global
	GlobalSection(SolutionConfigurationPlatforms) = preSolution
		Debug|Any CPU = Debug|Any CPU
		Release|Any CPU = Release|Any CPU
	EndGlobalSection
	GlobalSection(ProjectConfigurationPlatforms) = postSolution
		{D4A7F8F1-358C-48CC-B641-D45141A6B0CB}.Debug|Any CPU.ActiveCfg = Debug|Any CPU
		{D4A7F8F1-358C-48CC-B641-D45141A6B0CB}.Debug|Any CPU.Build.0 = Debug|Any CPU
		{D4A7F8F1-358C-48CC-B641-D45141A6B0CB}.Release|Any CPU.ActiveCfg = Release|Any CPU
		{D4A7F8F1-358C-48CC-B641-D45141A6B0CB}.Release|Any CPU.Build.0 = Release|Any CPU
		{48A015F0-8C65-4C39-BEB8-F766DC4E139C}.Debug|Any CPU.ActiveCfg = Debug|Any CPU
		{48A015F0-8C65-4C39-BEB8-F766DC4E139C}.Debug|Any CPU.Build.0 = Debug|Any CPU
		{48A015F0-8C65-4C39-BEB8-F766DC4E139C}.Release|Any CPU.ActiveCfg = Release|Any CPU
		{48A015F0-8C65-4C39-BEB8-F766DC4E139C}.Release|Any CPU.Build.0 = Release|Any CPU
		{908E9D58-6A57-40AE-A42C-C4E8C1050147}.Debug|Any CPU.ActiveCfg = Debug|Any CPU
		{908E9D58-6A57-40AE-A42C-C4E8C1050147}.Debug|Any CPU.Build.0 = Debug|Any CPU
		{908E9D58-6A57-40AE-A42C-C4E8C1050147}.Release|Any CPU.ActiveCfg = Release|Any CPU
		{908E9D58-6A57-40AE-A42C-C4E8C1050147}.Release|Any CPU.Build.0 = Release|Any CPU
		{BD5D0163-2E1C-4476-81A5-7E2163DBD45E}.Debug|Any CPU.ActiveCfg = Debug|Any CPU
		{BD5D0163-2E1C-4476-81A5-7E2163DBD45E}.Debug|Any CPU.Build.0 = Debug|Any CPU
		{BD5D0163-2E1C-4476-81A5-7E2163DBD45E}.Release|Any CPU.ActiveCfg = Release|Any CPU
		{BD5D0163-2E1C-4476-81A5-7E2163DBD45E}.Release|Any CPU.Build.0 = Release|Any CPU
		{78460A90-95C3-46AD-82BF-6ECB346A5FD2}.Debug|Any CPU.ActiveCfg = Debug|Any CPU
		{78460A90-95C3-46AD-82BF-6ECB346A5FD2}.Debug|Any CPU.Build.0 = Debug|Any CPU
		{78460A90-95C3-46AD-82BF-6ECB346A5FD2}.Release|Any CPU.ActiveCfg = Release|Any CPU
		{78460A90-95C3-46AD-82BF-6ECB346A5FD2}.Release|Any CPU.Build.0 = Release|Any CPU
		{CA242730-88BF-4AC7-9B70-619BE3AAF8A7}.Debug|Any CPU.ActiveCfg = Debug|Any CPU
		{CA242730-88BF-4AC7-9B70-619BE3AAF8A7}.Debug|Any CPU.Build.0 = Debug|Any CPU
		{CA242730-88BF-4AC7-9B70-619BE3AAF8A7}.Release|Any CPU.ActiveCfg = Release|Any CPU
		{CA242730-88BF-4AC7-9B70-619BE3AAF8A7}.Release|Any CPU.Build.0 = Release|Any CPU
		{B5C150A8-353F-439F-8D7E-D546A8A3B5A1}.Debug|Any CPU.ActiveCfg = Debug|Any CPU
		{B5C150A8-353F-439F-8D7E-D546A8A3B5A1}.Debug|Any CPU.Build.0 = Debug|Any CPU
		{B5C150A8-353F-439F-8D7E-D546A8A3B5A1}.Release|Any CPU.ActiveCfg = Release|Any CPU
		{B5C150A8-353F-439F-8D7E-D546A8A3B5A1}.Release|Any CPU.Build.0 = Release|Any CPU
		{74FB0EFC-91C2-4295-8E8B-77E6A189D7D1}.Debug|Any CPU.ActiveCfg = Debug|Any CPU
		{74FB0EFC-91C2-4295-8E8B-77E6A189D7D1}.Debug|Any CPU.Build.0 = Debug|Any CPU
		{74FB0EFC-91C2-4295-8E8B-77E6A189D7D1}.Release|Any CPU.ActiveCfg = Release|Any CPU
		{74FB0EFC-91C2-4295-8E8B-77E6A189D7D1}.Release|Any CPU.Build.0 = Release|Any CPU
		{2B3EAE16-26D8-43D7-A20C-BAD7545DB31A}.Debug|Any CPU.ActiveCfg = Debug|Any CPU
		{2B3EAE16-26D8-43D7-A20C-BAD7545DB31A}.Debug|Any CPU.Build.0 = Debug|Any CPU
		{2B3EAE16-26D8-43D7-A20C-BAD7545DB31A}.Release|Any CPU.ActiveCfg = Release|Any CPU
		{2B3EAE16-26D8-43D7-A20C-BAD7545DB31A}.Release|Any CPU.Build.0 = Release|Any CPU
	EndGlobalSection
	GlobalSection(SolutionProperties) = preSolution
		HideSolutionNode = FALSE
	EndGlobalSection
	GlobalSection(ExtensibilityGlobals) = postSolution
		SolutionGuid = {5333566A-85D8-454E-9D95-FC8DF85125E6}
	EndGlobalSection
EndGlobal
